
Microsoft Visual Studio Solution File, Format Version 12.00
# Visual Studio Version 16
VisualStudioVersion = 16.0.30709.64
MinimumVisualStudioVersion = 10.0.40219.1
Project("{FAE04EC0-301F-11D3-BF4B-00C04F79EFBC}") = "BlazorApp1", "BlazorApp1\BlazorApp1.csproj", "{263B95F3-E0B6-4FAF-A574-E64D6B3349E5}"
EndProject
Global
	GlobalSection(SolutionConfigurationPlatforms) = preSolution
		Debug|Any CPU = Debug|Any CPU
		Release|Any CPU = Release|Any CPU
	EndGlobalSection
	GlobalSection(ProjectConfigurationPlatforms) = postSolution
		{263B95F3-E0B6-4FAF-A574-E64D6B3349E5}.Debug|Any CPU.ActiveCfg = Debug|Any CPU
		{263B95F3-E0B6-4FAF-A574-E64D6B3349E5}.Debug|Any CPU.Build.0 = Debug|Any CPU
		{263B95F3-E0B6-4FAF-A574-E64D6B3349E5}.Release|Any CPU.ActiveCfg = Release|Any CPU
		{263B95F3-E0B6-4FAF-A574-E64D6B3349E5}.Release|Any CPU.Build.0 = Release|Any CPU
	EndGlobalSection
	GlobalSection(SolutionProperties) = preSolution
		HideSolutionNode = FALSE
	EndGlobalSection
	GlobalSection(ExtensibilityGlobals) = postSolution
		SolutionGuid = {3614958D-6F5A-441D-AD47-17C9AA907F95}
	EndGlobalSection
EndGlobal
